{
  "name": "veaf-open-training-mission",
  "version": "1.0.0",
  "lockfileVersion": 1,
  "requires": true,
  "dependencies": {
    "veaf-mission-creation-tools": {
      "version": "1.1.5",
      "resolved": "https://registry.npmjs.org/veaf-mission-creation-tools/-/veaf-mission-creation-tools-1.1.5.tgz",
      "integrity": "sha512-bJgjYnci1YCIK8SINNPPGN7Rvr2gsWj2ZOos9eYUxpl3SfeM401vI4J1sCTbrYF3BabC+sNchPHGojf7p+xcGg=="
    }
  }
}
