{
  "name": "veaf-open-training-mission",
  "version": "1.0.0",
  "lockfileVersion": 1,
  "requires": true,
  "dependencies": {
    "veaf-mission-creation-tools": {
      "version": "1.0.4",
      "resolved": "https://registry.npmjs.org/veaf-mission-creation-tools/-/veaf-mission-creation-tools-1.0.4.tgz",
      "integrity": "sha512-wDzKlIToVKfdfZw7ytYDOYT9u8O3XzoDWBTH/B0nWdo+xgZ7y3j3bEJq8KQ1PK65tfoD8wtfK/s8NRyULgbFMg=="
    }
  }
}
