{
  "name": "veaf-open-training-mission",
  "version": "1.0.0",
  "lockfileVersion": 1,
  "requires": true,
  "dependencies": {
    "veaf-mission-creation-tools": {
      "version": "1.1.4",
      "resolved": "https://registry.npmjs.org/veaf-mission-creation-tools/-/veaf-mission-creation-tools-1.1.4.tgz",
      "integrity": "sha512-LnENckNK90emYoOjcp6/ajqp6gQ+yKqPqLxh2zNbdie6BS/BTJZj1fCpb8+YUg+0RK1SFqdanVQtNK+KRvR9Jg=="
    }
  }
}
